
Microsoft Visual Studio Solution File, Format Version 12.00
# Visual Studio Version 16
VisualStudioVersion = 16.0.29613.14
MinimumVisualStudioVersion = 10.0.40219.1
Project("{FAE04EC0-301F-11D3-BF4B-00C04F79EFBC}") = "Kurs", "Kurs\Kurs.csproj", "{9FF6C836-8BC7-4DEE-A6BF-12FE47CC444F}"
EndProject
Global
	GlobalSection(SolutionConfigurationPlatforms) = preSolution
		Debug|Any CPU = Debug|Any CPU
		Release|Any CPU = Release|Any CPU
	EndGlobalSection
	GlobalSection(ProjectConfigurationPlatforms) = postSolution
		{9FF6C836-8BC7-4DEE-A6BF-12FE47CC444F}.Debug|Any CPU.ActiveCfg = Debug|Any CPU
		{9FF6C836-8BC7-4DEE-A6BF-12FE47CC444F}.Debug|Any CPU.Build.0 = Debug|Any CPU
		{9FF6C836-8BC7-4DEE-A6BF-12FE47CC444F}.Release|Any CPU.ActiveCfg = Release|Any CPU
		{9FF6C836-8BC7-4DEE-A6BF-12FE47CC444F}.Release|Any CPU.Build.0 = Release|Any CPU
	EndGlobalSection
	GlobalSection(SolutionProperties) = preSolution
		HideSolutionNode = FALSE
	EndGlobalSection
	GlobalSection(ExtensibilityGlobals) = postSolution
		SolutionGuid = {3FFFBC6D-0B36-492E-A9E8-C2DEFE895B66}
	EndGlobalSection
EndGlobal
